
Microsoft Visual Studio Solution File, Format Version 12.00
# Visual Studio Version 17
VisualStudioVersion = 17.2.32602.215
MinimumVisualStudioVersion = 10.0.40219.1
Project("{9A19103F-16F7-4668-BE54-9A1E7A4F7556}") = "Smart.FormDesigner", "src\Smart.FormDesigner\Smart.FormDesigner.csproj", "{B75B4A45-A86B-4C9D-9DA1-38FC3ABA9BCD}"
EndProject
Project("{9A19103F-16F7-4668-BE54-9A1E7A4F7556}") = "SimpleDesignerExample", "examples\SimpleDesignerExample\SimpleDesignerExample.csproj", "{FCEA9F76-90C4-4A7A-8A07-28450A03838B}"
EndProject
Global
	GlobalSection(SolutionConfigurationPlatforms) = preSolution
		Debug|Any CPU = Debug|Any CPU
		Release|Any CPU = Release|Any CPU
	EndGlobalSection
	GlobalSection(ProjectConfigurationPlatforms) = postSolution
		{B75B4A45-A86B-4C9D-9DA1-38FC3ABA9BCD}.Debug|Any CPU.ActiveCfg = Debug|Any CPU
		{B75B4A45-A86B-4C9D-9DA1-38FC3ABA9BCD}.Debug|Any CPU.Build.0 = Debug|Any CPU
		{B75B4A45-A86B-4C9D-9DA1-38FC3ABA9BCD}.Release|Any CPU.ActiveCfg = Release|Any CPU
		{B75B4A45-A86B-4C9D-9DA1-38FC3ABA9BCD}.Release|Any CPU.Build.0 = Release|Any CPU
		{FCEA9F76-90C4-4A7A-8A07-28450A03838B}.Debug|Any CPU.ActiveCfg = Debug|Any CPU
		{FCEA9F76-90C4-4A7A-8A07-28450A03838B}.Debug|Any CPU.Build.0 = Debug|Any CPU
		{FCEA9F76-90C4-4A7A-8A07-28450A03838B}.Release|Any CPU.ActiveCfg = Release|Any CPU
		{FCEA9F76-90C4-4A7A-8A07-28450A03838B}.Release|Any CPU.Build.0 = Release|Any CPU
	EndGlobalSection
	GlobalSection(SolutionProperties) = preSolution
		HideSolutionNode = FALSE
	EndGlobalSection
	GlobalSection(ExtensibilityGlobals) = postSolution
		SolutionGuid = {4A54EF72-BA69-42FE-8353-D2F32BB5682A}
	EndGlobalSection
EndGlobal
